// !$*UTF8*$!
{
	archiveVersion = 1;
	classes = {
	};
	objectVersion = 46;
	objects = {

/* Begin PBXBuildFile section */
		F0EEB2E317AA37B100EFD15D /* Foundation.framework in Frameworks */ = {isa = PBXBuildFile; fileRef = F0EEB2E217AA37B100EFD15D /* Foundation.framework */; };
		F0EEB2E517AA37B100EFD15D /* CoreGraphics.framework in Frameworks */ = {isa = PBXBuildFile; fileRef = F0EEB2E417AA37B100EFD15D /* CoreGraphics.framework */; };
		F0EEB2E717AA37B100EFD15D /* UIKit.framework in Frameworks */ = {isa = PBXBuildFile; fileRef = F0EEB2E617AA37B100EFD15D /* UIKit.framework */; };
		F0EEB2ED17AA37B100EFD15D /* InfoPlist.strings in Resources */ = {isa = PBXBuildFile; fileRef = F0EEB2EB17AA37B100EFD15D /* InfoPlist.strings */; };
		F0EEB2EF17AA37B100EFD15D /* main.m in Sources */ = {isa = PBXBuildFile; fileRef = F0EEB2EE17AA37B100EFD15D /* main.m */; };
		F0EEB2F317AA37B100EFD15D /* AppDelegate.m in Sources */ = {isa = PBXBuildFile; fileRef = F0EEB2F217AA37B100EFD15D /* AppDelegate.m */; };
		F0EEB2F617AA37B100EFD15D /* Main.storyboard in Resources */ = {isa = PBXBuildFile; fileRef = F0EEB2F417AA37B100EFD15D /* Main.storyboard */; };
		F0EEB2F917AA37B100EFD15D /* ViewController.m in Sources */ = {isa = PBXBuildFile; fileRef = F0EEB2F817AA37B100EFD15D /* ViewController.m */; };
		F0EEB2FB17AA37B100EFD15D /* Images.xcassets in Resources */ = {isa = PBXBuildFile; fileRef = F0EEB2FA17AA37B100EFD15D /* Images.xcassets */; };
		F0EEB30217AA37B100EFD15D /* XCTest.framework in Frameworks */ = {isa = PBXBuildFile; fileRef = F0EEB30117AA37B100EFD15D /* XCTest.framework */; };
		F0EEB30317AA37B100EFD15D /* Foundation.framework in Frameworks */ = {isa = PBXBuildFile; fileRef = F0EEB2E217AA37B100EFD15D /* Foundation.framework */; };
		F0EEB30417AA37B100EFD15D /* UIKit.framework in Frameworks */ = {isa = PBXBuildFile; fileRef = F0EEB2E617AA37B100EFD15D /* UIKit.framework */; };
		F0EEB30C17AA37B100EFD15D /* InfoPlist.strings in Resources */ = {isa = PBXBuildFile; fileRef = F0EEB30A17AA37B100EFD15D /* InfoPlist.strings */; };
		F0EEB30E17AA37B100EFD15D /* TodoTests.m in Sources */ = {isa = PBXBuildFile; fileRef = F0EEB30D17AA37B100EFD15D /* TodoTests.m */; };
		F0EEB31917AB11A000EFD15D /* EditableTableViewCell.m in Sources */ = {isa = PBXBuildFile; fileRef = F0EEB31817AB116700EFD15D /* EditableTableViewCell.m */; };
/* End PBXBuildFile section */

/* Begin PBXContainerItemProxy section */
		F0EEB30517AA37B100EFD15D /* PBXContainerItemProxy */ = {
			isa = PBXContainerItemProxy;
			containerPortal = F0EEB2D717AA37B100EFD15D /* Project object */;
			proxyType = 1;
			remoteGlobalIDString = F0EEB2DE17AA37B100EFD15D;
			remoteInfo = Todo;
		};
/* End PBXContainerItemProxy section */

/* Begin PBXFileReference section */
		F0EEB2DF17AA37B100EFD15D /* Todo.app */ = {isa = PBXFileReference; explicitFileType = wrapper.application; includeInIndex = 0; path = Todo.app; sourceTree = BUILT_PRODUCTS_DIR; };
		F0EEB2E217AA37B100EFD15D /* Foundation.framework */ = {isa = PBXFileReference; lastKnownFileType = wrapper.framework; name = Foundation.framework; path = System/Library/Frameworks/Foundation.framework; sourceTree = SDKROOT; };
		F0EEB2E417AA37B100EFD15D /* CoreGraphics.framework */ = {isa = PBXFileReference; lastKnownFileType = wrapper.framework; name = CoreGraphics.framework; path = System/Library/Frameworks/CoreGraphics.framework; sourceTree = SDKROOT; };
		F0EEB2E617AA37B100EFD15D /* UIKit.framework */ = {isa = PBXFileReference; lastKnownFileType = wrapper.framework; name = UIKit.framework; path = System/Library/Frameworks/UIKit.framework; sourceTree = SDKROOT; };
		F0EEB2EA17AA37B100EFD15D /* Todo-Info.plist */ = {isa = PBXFileReference; lastKnownFileType = text.plist.xml; path = "Todo-Info.plist"; sourceTree = "<group>"; };
		F0EEB2EC17AA37B100EFD15D /* en */ = {isa = PBXFileReference; lastKnownFileType = text.plist.strings; name = en; path = en.lproj/InfoPlist.strings; sourceTree = "<group>"; };
		F0EEB2EE17AA37B100EFD15D /* main.m */ = {isa = PBXFileReference; lastKnownFileType = sourcecode.c.objc; path = main.m; sourceTree = "<group>"; };
		F0EEB2F017AA37B100EFD15D /* Todo-Prefix.pch */ = {isa = PBXFileReference; lastKnownFileType = sourcecode.c.h; path = "Todo-Prefix.pch"; sourceTree = "<group>"; };
		F0EEB2F117AA37B100EFD15D /* AppDelegate.h */ = {isa = PBXFileReference; lastKnownFileType = sourcecode.c.h; path = AppDelegate.h; sourceTree = "<group>"; };
		F0EEB2F217AA37B100EFD15D /* AppDelegate.m */ = {isa = PBXFileReference; lastKnownFileType = sourcecode.c.objc; path = AppDelegate.m; sourceTree = "<group>"; };
		F0EEB2F517AA37B100EFD15D /* Base */ = {isa = PBXFileReference; lastKnownFileType = file.storyboard; name = Base; path = Base.lproj/Main.storyboard; sourceTree = "<group>"; };
		F0EEB2F717AA37B100EFD15D /* ViewController.h */ = {isa = PBXFileReference; lastKnownFileType = sourcecode.c.h; path = ViewController.h; sourceTree = "<group>"; };
		F0EEB2F817AA37B100EFD15D /* ViewController.m */ = {isa = PBXFileReference; lastKnownFileType = sourcecode.c.objc; path = ViewController.m; sourceTree = "<group>"; };
		F0EEB2FA17AA37B100EFD15D /* Images.xcassets */ = {isa = PBXFileReference; lastKnownFileType = folder.assetcatalog; path = Images.xcassets; sourceTree = "<group>"; };
		F0EEB30017AA37B100EFD15D /* TodoTests.xctest */ = {isa = PBXFileReference; explicitFileType = wrapper.cfbundle; includeInIndex = 0; path = TodoTests.xctest; sourceTree = BUILT_PRODUCTS_DIR; };
		F0EEB30117AA37B100EFD15D /* XCTest.framework */ = {isa = PBXFileReference; lastKnownFileType = wrapper.framework; name = XCTest.framework; path = Library/Frameworks/XCTest.framework; sourceTree = DEVELOPER_DIR; };
		F0EEB30917AA37B100EFD15D /* TodoTests-Info.plist */ = {isa = PBXFileReference; lastKnownFileType = text.plist.xml; path = "TodoTests-Info.plist"; sourceTree = "<group>"; };
		F0EEB30B17AA37B100EFD15D /* en */ = {isa = PBXFileReference; lastKnownFileType = text.plist.strings; name = en; path = en.lproj/InfoPlist.strings; sourceTree = "<group>"; };
		F0EEB30D17AA37B100EFD15D /* TodoTests.m */ = {isa = PBXFileReference; lastKnownFileType = sourcecode.c.objc; path = TodoTests.m; sourceTree = "<group>"; };
		F0EEB31717AB116700EFD15D /* EditableTableViewCell.h */ = {isa = PBXFileReference; lastKnownFileType = sourcecode.c.h; path = EditableTableViewCell.h; sourceTree = "<group>"; };
		F0EEB31817AB116700EFD15D /* EditableTableViewCell.m */ = {isa = PBXFileReference; lastKnownFileType = sourcecode.c.objc; path = EditableTableViewCell.m; sourceTree = "<group>"; };
/* End PBXFileReference section */

/* Begin PBXFrameworksBuildPhase section */
		F0EEB2DC17AA37B100EFD15D /* Frameworks */ = {
			isa = PBXFrameworksBuildPhase;
			buildActionMask = 2147483647;
			files = (
				F0EEB2E517AA37B100EFD15D /* CoreGraphics.framework in Frameworks */,
				F0EEB2E717AA37B100EFD15D /* UIKit.framework in Frameworks */,
				F0EEB2E317AA37B100EFD15D /* Foundation.framework in Frameworks */,
			);
			runOnlyForDeploymentPostprocessing = 0;
		};
		F0EEB2FD17AA37B100EFD15D /* Frameworks */ = {
			isa = PBXFrameworksBuildPhase;
			buildActionMask = 2147483647;
			files = (
				F0EEB30217AA37B100EFD15D /* XCTest.framework in Frameworks */,
				F0EEB30417AA37B100EFD15D /* UIKit.framework in Frameworks */,
				F0EEB30317AA37B100EFD15D /* Foundation.framework in Frameworks */,
			);
			runOnlyForDeploymentPostprocessing = 0;
		};
/* End PBXFrameworksBuildPhase section */

/* Begin PBXGroup section */
		F0EEB2D617AA37B100EFD15D = {
			isa = PBXGroup;
			children = (
				F0EEB2E817AA37B100EFD15D /* Todo */,
				F0EEB30717AA37B100EFD15D /* TodoTests */,
				F0EEB2E117AA37B100EFD15D /* Frameworks */,
				F0EEB2E017AA37B100EFD15D /* Products */,
			);
			sourceTree = "<group>";
		};
		F0EEB2E017AA37B100EFD15D /* Products */ = {
			isa = PBXGroup;
			children = (
				F0EEB2DF17AA37B100EFD15D /* Todo.app */,
				F0EEB30017AA37B100EFD15D /* TodoTests.xctest */,
			);
			name = Products;
			sourceTree = "<group>";
		};
		F0EEB2E117AA37B100EFD15D /* Frameworks */ = {
			isa = PBXGroup;
			children = (
				F0EEB2E217AA37B100EFD15D /* Foundation.framework */,
				F0EEB2E417AA37B100EFD15D /* CoreGraphics.framework */,
				F0EEB2E617AA37B100EFD15D /* UIKit.framework */,
				F0EEB30117AA37B100EFD15D /* XCTest.framework */,
			);
			name = Frameworks;
			sourceTree = "<group>";
		};
		F0EEB2E817AA37B100EFD15D /* Todo */ = {
			isa = PBXGroup;
			children = (
				F0EEB31717AB116700EFD15D /* EditableTableViewCell.h */,
				F0EEB31817AB116700EFD15D /* EditableTableViewCell.m */,
				F0EEB2F117AA37B100EFD15D /* AppDelegate.h */,
				F0EEB2F217AA37B100EFD15D /* AppDelegate.m */,
				F0EEB2F417AA37B100EFD15D /* Main.storyboard */,
				F0EEB2F717AA37B100EFD15D /* ViewController.h */,
				F0EEB2F817AA37B100EFD15D /* ViewController.m */,
				F0EEB2FA17AA37B100EFD15D /* Images.xcassets */,
				F0EEB2E917AA37B100EFD15D /* Supporting Files */,
			);
			path = Todo;
			sourceTree = "<group>";
		};
		F0EEB2E917AA37B100EFD15D /* Supporting Files */ = {
			isa = PBXGroup;
			children = (
				F0EEB2EA17AA37B100EFD15D /* Todo-Info.plist */,
				F0EEB2EB17AA37B100EFD15D /* InfoPlist.strings */,
				F0EEB2EE17AA37B100EFD15D /* main.m */,
				F0EEB2F017AA37B100EFD15D /* Todo-Prefix.pch */,
			);
			name = "Supporting Files";
			sourceTree = "<group>";
		};
		F0EEB30717AA37B100EFD15D /* TodoTests */ = {
			isa = PBXGroup;
			children = (
				F0EEB30D17AA37B100EFD15D /* TodoTests.m */,
				F0EEB30817AA37B100EFD15D /* Supporting Files */,
			);
			path = TodoTests;
			sourceTree = "<group>";
		};
		F0EEB30817AA37B100EFD15D /* Supporting Files */ = {
			isa = PBXGroup;
			children = (
				F0EEB30917AA37B100EFD15D /* TodoTests-Info.plist */,
				F0EEB30A17AA37B100EFD15D /* InfoPlist.strings */,
			);
			name = "Supporting Files";
			sourceTree = "<group>";
		};
/* End PBXGroup section */

/* Begin PBXNativeTarget section */
		F0EEB2DE17AA37B100EFD15D /* Todo */ = {
			isa = PBXNativeTarget;
			buildConfigurationList = F0EEB31117AA37B100EFD15D /* Build configuration list for PBXNativeTarget "Todo" */;
			buildPhases = (
				F0EEB2DB17AA37B100EFD15D /* Sources */,
				F0EEB2DC17AA37B100EFD15D /* Frameworks */,
				F0EEB2DD17AA37B100EFD15D /* Resources */,
			);
			buildRules = (
			);
			dependencies = (
			);
			name = Todo;
			productName = Todo;
			productReference = F0EEB2DF17AA37B100EFD15D /* Todo.app */;
			productType = "com.apple.product-type.application";
		};
		F0EEB2FF17AA37B100EFD15D /* TodoTests */ = {
			isa = PBXNativeTarget;
			buildConfigurationList = F0EEB31417AA37B100EFD15D /* Build configuration list for PBXNativeTarget "TodoTests" */;
			buildPhases = (
				F0EEB2FC17AA37B100EFD15D /* Sources */,
				F0EEB2FD17AA37B100EFD15D /* Frameworks */,
				F0EEB2FE17AA37B100EFD15D /* Resources */,
			);
			buildRules = (
			);
			dependencies = (
				F0EEB30617AA37B100EFD15D /* PBXTargetDependency */,
			);
			name = TodoTests;
			productName = TodoTests;
			productReference = F0EEB30017AA37B100EFD15D /* TodoTests.xctest */;
			productType = "com.apple.product-type.bundle.unit-test";
		};
/* End PBXNativeTarget section */

/* Begin PBXProject section */
		F0EEB2D717AA37B100EFD15D /* Project object */ = {
			isa = PBXProject;
			attributes = {
				LastUpgradeCheck = 0500;
				ORGANIZATIONNAME = "Y.CORP.YAHOO.COM\\seemakam";
				TargetAttributes = {
					F0EEB2FF17AA37B100EFD15D = {
						TestTargetID = F0EEB2DE17AA37B100EFD15D;
					};
				};
			};
			buildConfigurationList = F0EEB2DA17AA37B100EFD15D /* Build configuration list for PBXProject "Todo" */;
			compatibilityVersion = "Xcode 3.2";
			developmentRegion = English;
			hasScannedForEncodings = 0;
			knownRegions = (
				en,
				Base,
			);
			mainGroup = F0EEB2D617AA37B100EFD15D;
			productRefGroup = F0EEB2E017AA37B100EFD15D /* Products */;
			projectDirPath = "";
			projectRoot = "";
			targets = (
				F0EEB2DE17AA37B100EFD15D /* Todo */,
				F0EEB2FF17AA37B100EFD15D /* TodoTests */,
			);
		};
/* End PBXProject section */

/* Begin PBXResourcesBuildPhase section */
		F0EEB2DD17AA37B100EFD15D /* Resources */ = {
			isa = PBXResourcesBuildPhase;
			buildActionMask = 2147483647;
			files = (
				F0EEB2FB17AA37B100EFD15D /* Images.xcassets in Resources */,
				F0EEB2ED17AA37B100EFD15D /* InfoPlist.strings in Resources */,
				F0EEB2F617AA37B100EFD15D /* Main.storyboard in Resources */,
			);
			runOnlyForDeploymentPostprocessing = 0;
		};
		F0EEB2FE17AA37B100EFD15D /* Resources */ = {
			isa = PBXResourcesBuildPhase;
			buildActionMask = 2147483647;
			files = (
				F0EEB30C17AA37B100EFD15D /* InfoPlist.strings in Resources */,
			);
			runOnlyForDeploymentPostprocessing = 0;
		};
/* End PBXResourcesBuildPhase section */

/* Begin PBXSourcesBuildPhase section */
		F0EEB2DB17AA37B100EFD15D /* Sources */ = {
			isa = PBXSourcesBuildPhase;
			buildActionMask = 2147483647;
			files = (
				F0EEB31917AB11A000EFD15D /* EditableTableViewCell.m in Sources */,
				F0EEB2F917AA37B100EFD15D /* ViewController.m in Sources */,
				F0EEB2F317AA37B100EFD15D /* AppDelegate.m in Sources */,
				F0EEB2EF17AA37B100EFD15D /* main.m in Sources */,
			);
			runOnlyForDeploymentPostprocessing = 0;
		};
		F0EEB2FC17AA37B100EFD15D /* Sources */ = {
			isa = PBXSourcesBuildPhase;
			buildActionMask = 2147483647;
			files = (
				F0EEB30E17AA37B100EFD15D /* TodoTests.m in Sources */,
			);
			runOnlyForDeploymentPostprocessing = 0;
		};
/* End PBXSourcesBuildPhase section */

/* Begin PBXTargetDependency section */
		F0EEB30617AA37B100EFD15D /* PBXTargetDependency */ = {
			isa = PBXTargetDependency;
			target = F0EEB2DE17AA37B100EFD15D /* Todo */;
			targetProxy = F0EEB30517AA37B100EFD15D /* PBXContainerItemProxy */;
		};
/* End PBXTargetDependency section */

/* Begin PBXVariantGroup section */
		F0EEB2EB17AA37B100EFD15D /* InfoPlist.strings */ = {
			isa = PBXVariantGroup;
			children = (
				F0EEB2EC17AA37B100EFD15D /* en */,
			);
			name = InfoPlist.strings;
			sourceTree = "<group>";
		};
		F0EEB2F417AA37B100EFD15D /* Main.storyboard */ = {
			isa = PBXVariantGroup;
			children = (
				F0EEB2F517AA37B100EFD15D /* Base */,
			);
			name = Main.storyboard;
			sourceTree = "<group>";
		};
		F0EEB30A17AA37B100EFD15D /* InfoPlist.strings */ = {
			isa = PBXVariantGroup;
			children = (
				F0EEB30B17AA37B100EFD15D /* en */,
			);
			name = InfoPlist.strings;
			sourceTree = "<group>";
		};
/* End PBXVariantGroup section */

/* Begin XCBuildConfiguration section */
		F0EEB30F17AA37B100EFD15D /* Debug */ = {
			isa = XCBuildConfiguration;
			buildSettings = {
				ALWAYS_SEARCH_USER_PATHS = NO;
				CLANG_CXX_LANGUAGE_STANDARD = "gnu++0x";
				CLANG_CXX_LIBRARY = "libc++";
				CLANG_ENABLE_MODULES = YES;
				CLANG_ENABLE_OBJC_ARC = YES;
				CLANG_WARN_BOOL_CONVERSION = YES;
				CLANG_WARN_CONSTANT_CONVERSION = YES;
				CLANG_WARN_DIRECT_OBJC_ISA_USAGE = YES_ERROR;
				CLANG_WARN_EMPTY_BODY = YES;
				CLANG_WARN_ENUM_CONVERSION = YES;
				CLANG_WARN_INT_CONVERSION = YES;
				CLANG_WARN_OBJC_ROOT_CLASS = YES_ERROR;
				CLANG_WARN__DUPLICATE_METHOD_MATCH = YES;
				"CODE_SIGN_IDENTITY[sdk=iphoneos*]" = "iPhone Developer";
				COPY_PHASE_STRIP = NO;
				GCC_C_LANGUAGE_STANDARD = gnu99;
				GCC_DYNAMIC_NO_PIC = NO;
				GCC_OPTIMIZATION_LEVEL = 0;
				GCC_PREPROCESSOR_DEFINITIONS = (
					"DEBUG=1",
					"$(inherited)",
				);
				GCC_SYMBOLS_PRIVATE_EXTERN = NO;
				GCC_WARN_ABOUT_RETURN_TYPE = YES_ERROR;
				GCC_WARN_UNDECLARED_SELECTOR = YES;
				GCC_WARN_UNINITIALIZED_AUTOS = YES;
				GCC_WARN_UNUSED_FUNCTION = YES;
				GCC_WARN_UNUSED_VARIABLE = YES;
				IPHONEOS_DEPLOYMENT_TARGET = 7.0;
				ONLY_ACTIVE_ARCH = YES;
				SDKROOT = iphoneos;
			};
			name = Debug;
		};
		F0EEB31017AA37B100EFD15D /* Release */ = {
			isa = XCBuildConfiguration;
			buildSettings = {
				ALWAYS_SEARCH_USER_PATHS = NO;
				CLANG_CXX_LANGUAGE_STANDARD = "gnu++0x";
				CLANG_CXX_LIBRARY = "libc++";
				CLANG_ENABLE_MODULES = YES;
				CLANG_ENABLE_OBJC_ARC = YES;
				CLANG_WARN_BOOL_CONVERSION = YES;
				CLANG_WARN_CONSTANT_CONVERSION = YES;
				CLANG_WARN_DIRECT_OBJC_ISA_USAGE = YES_ERROR;
				CLANG_WARN_EMPTY_BODY = YES;
				CLANG_WARN_ENUM_CONVERSION = YES;
				CLANG_WARN_INT_CONVERSION = YES;
				CLANG_WARN_OBJC_ROOT_CLASS = YES_ERROR;
				CLANG_WARN__DUPLICATE_METHOD_MATCH = YES;
				"CODE_SIGN_IDENTITY[sdk=iphoneos*]" = "iPhone Developer";
				COPY_PHASE_STRIP = YES;
				ENABLE_NS_ASSERTIONS = NO;
				GCC_C_LANGUAGE_STANDARD = gnu99;
				GCC_WARN_ABOUT_RETURN_TYPE = YES_ERROR;
				GCC_WARN_UNDECLARED_SELECTOR = YES;
				GCC_WARN_UNINITIALIZED_AUTOS = YES;
				GCC_WARN_UNUSED_FUNCTION = YES;
				GCC_WARN_UNUSED_VARIABLE = YES;
				IPHONEOS_DEPLOYMENT_TARGET = 7.0;
				SDKROOT = iphoneos;
				VALIDATE_PRODUCT = YES;
			};
			name = Release;
		};
		F0EEB31217AA37B100EFD15D /* Debug */ = {
			isa = XCBuildConfiguration;
			buildSettings = {
				ASSETCATALOG_COMPILER_APPICON_NAME = AppIcon;
				ASSETCATALOG_COMPILER_LAUNCHIMAGE_NAME = LaunchImage;
				GCC_PRECOMPILE_PREFIX_HEADER = YES;
				GCC_PREFIX_HEADER = "Todo/Todo-Prefix.pch";
				INFOPLIST_FILE = "Todo/Todo-Info.plist";
				PRODUCT_NAME = "$(TARGET_NAME)";
				WRAPPER_EXTENSION = app;
			};
			name = Debug;
		};
		F0EEB31317AA37B100EFD15D /* Release */ = {
			isa = XCBuildConfiguration;
			buildSettings = {
				ASSETCATALOG_COMPILER_APPICON_NAME = AppIcon;
				ASSETCATALOG_COMPILER_LAUNCHIMAGE_NAME = LaunchImage;
				GCC_PRECOMPILE_PREFIX_HEADER = YES;
				GCC_PREFIX_HEADER = "Todo/Todo-Prefix.pch";
				INFOPLIST_FILE = "Todo/Todo-Info.plist";
				PRODUCT_NAME = "$(TARGET_NAME)";
				WRAPPER_EXTENSION = app;
			};
			name = Release;
		};
		F0EEB31517AA37B100EFD15D /* Debug */ = {
			isa = XCBuildConfiguration;
			buildSettings = {
				BUNDLE_LOADER = "$(BUILT_PRODUCTS_DIR)/Todo.app/Todo";
				FRAMEWORK_SEARCH_PATHS = (
					"$(SDKROOT)/Developer/Library/Frameworks",
					"$(inherited)",
					"$(SYSTEM_APPS_DIR)/Xcode5-DP3.app/Contents/Developer/Library/Frameworks",
				);
				GCC_PRECOMPILE_PREFIX_HEADER = YES;
				GCC_PREFIX_HEADER = "Todo/Todo-Prefix.pch";
				GCC_PREPROCESSOR_DEFINITIONS = (
					"DEBUG=1",
					"$(inherited)",
				);
				INFOPLIST_FILE = "TodoTests/TodoTests-Info.plist";
				PRODUCT_NAME = "$(TARGET_NAME)";
				TEST_HOST = "$(BUNDLE_LOADER)";
				WRAPPER_EXTENSION = xctest;
			};
			name = Debug;
		};
		F0EEB31617AA37B100EFD15D /* Release */ = {
			isa = XCBuildConfiguration;
			buildSettings = {
				BUNDLE_LOADER = "$(BUILT_PRODUCTS_DIR)/Todo.app/Todo";
				FRAMEWORK_SEARCH_PATHS = (
					"$(SDKROOT)/Developer/Library/Frameworks",
					"$(inherited)",
					"$(SYSTEM_APPS_DIR)/Xcode5-DP3.app/Contents/Developer/Library/Frameworks",
				);
				GCC_PRECOMPILE_PREFIX_HEADER = YES;
				GCC_PREFIX_HEADER = "Todo/Todo-Prefix.pch";
				INFOPLIST_FILE = "TodoTests/TodoTests-Info.plist";
				PRODUCT_NAME = "$(TARGET_NAME)";
				TEST_HOST = "$(BUNDLE_LOADER)";
				WRAPPER_EXTENSION = xctest;
			};
			name = Release;
		};
/* End XCBuildConfiguration section */

/* Begin XCConfigurationList section */
		F0EEB2DA17AA37B100EFD15D /* Build configuration list for PBXProject "Todo" */ = {
			isa = XCConfigurationList;
			buildConfigurations = (
				F0EEB30F17AA37B100EFD15D /* Debug */,
				F0EEB31017AA37B100EFD15D /* Release */,
			);
			defaultConfigurationIsVisible = 0;
			defaultConfigurationName = Release;
		};
		F0EEB31117AA37B100EFD15D /* Build configuration list for PBXNativeTarget "Todo" */ = {
			isa = XCConfigurationList;
			buildConfigurations = (
				F0EEB31217AA37B100EFD15D /* Debug */,
				F0EEB31317AA37B100EFD15D /* Release */,
			);
			defaultConfigurationIsVisible = 0;
		};
		F0EEB31417AA37B100EFD15D /* Build configuration list for PBXNativeTarget "TodoTests" */ = {
			isa = XCConfigurationList;
			buildConfigurations = (
				F0EEB31517AA37B100EFD15D /* Debug */,
				F0EEB31617AA37B100EFD15D /* Release */,
			);
			defaultConfigurationIsVisible = 0;
		};
/* End XCConfigurationList section */
	};
	rootObject = F0EEB2D717AA37B100EFD15D /* Project object */;
}
